// !$*UTF8*$!
{
	archiveVersion = 1;
	classes = {
	};
	objectVersion = 55;
	objects = {

/* Begin PBXBuildFile section */
		6C144951284F364200E8B933 /* GreenabalApp.swift in Sources */ = {isa = PBXBuildFile; fileRef = 6C144950284F364200E8B933 /* GreenabalApp.swift */; };
		6C144953284F364200E8B933 /* ContentView.swift in Sources */ = {isa = PBXBuildFile; fileRef = 6C144952284F364200E8B933 /* ContentView.swift */; };
		6C144955284F364300E8B933 /* Assets.xcassets in Resources */ = {isa = PBXBuildFile; fileRef = 6C144954284F364300E8B933 /* Assets.xcassets */; };
		6C144958284F364300E8B933 /* Preview Assets.xcassets in Resources */ = {isa = PBXBuildFile; fileRef = 6C144957284F364300E8B933 /* Preview Assets.xcassets */; };
		6C144962284F364400E8B933 /* GreenabalTests.swift in Sources */ = {isa = PBXBuildFile; fileRef = 6C144961284F364400E8B933 /* GreenabalTests.swift */; };
		6C14496C284F364400E8B933 /* GreenabalUITests.swift in Sources */ = {isa = PBXBuildFile; fileRef = 6C14496B284F364400E8B933 /* GreenabalUITests.swift */; };
		6C14496E284F364400E8B933 /* GreenabalUITestsLaunchTests.swift in Sources */ = {isa = PBXBuildFile; fileRef = 6C14496D284F364400E8B933 /* GreenabalUITestsLaunchTests.swift */; };
		6C144985284F462500E8B933 /* HomeView.swift in Sources */ = {isa = PBXBuildFile; fileRef = 6C144984284F462500E8B933 /* HomeView.swift */; };
		6C144989284F47E700E8B933 /* TabBar.swift in Sources */ = {isa = PBXBuildFile; fileRef = 6C144988284F47E700E8B933 /* TabBar.swift */; };
		6C14498B284F561300E8B933 /* TaskView.swift in Sources */ = {isa = PBXBuildFile; fileRef = 6C14498A284F561300E8B933 /* TaskView.swift */; };
		6C14498D284F563900E8B933 /* SettingView.swift in Sources */ = {isa = PBXBuildFile; fileRef = 6C14498C284F563900E8B933 /* SettingView.swift */; };
		6C3811492854B4B500E2C614 /* Roboto-Regular.ttf in Resources */ = {isa = PBXBuildFile; fileRef = 6C3811462854B4B500E2C614 /* Roboto-Regular.ttf */; };
		6C38114A2854B4B500E2C614 /* Roboto-Medium.ttf in Resources */ = {isa = PBXBuildFile; fileRef = 6C3811472854B4B500E2C614 /* Roboto-Medium.ttf */; };
		6C38114B2854B4B500E2C614 /* Roboto-Bold.ttf in Resources */ = {isa = PBXBuildFile; fileRef = 6C3811482854B4B500E2C614 /* Roboto-Bold.ttf */; };
		6C38114E28550EB700E2C614 /* ETicketView.swift in Sources */ = {isa = PBXBuildFile; fileRef = 6C38114D28550EB700E2C614 /* ETicketView.swift */; };
		6C38115128550F2800E2C614 /* BarcodeView.swift in Sources */ = {isa = PBXBuildFile; fileRef = 6C38115028550F2800E2C614 /* BarcodeView.swift */; };
		6C6696462851C3E500ED62CA /* TabModel.swift in Sources */ = {isa = PBXBuildFile; fileRef = 6C6696452851C3E500ED62CA /* TabModel.swift */; };
		6C6696492851CAA200ED62CA /* BackgroundViewModel.swift in Sources */ = {isa = PBXBuildFile; fileRef = 6C6696482851CAA200ED62CA /* BackgroundViewModel.swift */; };
		6CA49D802851D694009A155F /* Header.swift in Sources */ = {isa = PBXBuildFile; fileRef = 6CA49D7F2851D694009A155F /* Header.swift */; };
		6CA49D8528533D53009A155F /* SubTabBar.swift in Sources */ = {isa = PBXBuildFile; fileRef = 6CA49D8428533D53009A155F /* SubTabBar.swift */; };
		6CD2E06B28570A89006F42D5 /* LeafRecordModel.swift in Sources */ = {isa = PBXBuildFile; fileRef = 6CD2E06A28570A89006F42D5 /* LeafRecordModel.swift */; };
		6CD2E06D28570A9A006F42D5 /* LeafViewModel.swift in Sources */ = {isa = PBXBuildFile; fileRef = 6CD2E06C28570A9A006F42D5 /* LeafViewModel.swift */; };
		6CE0A314284FC44100231F82 /* ActionView.swift in Sources */ = {isa = PBXBuildFile; fileRef = 6CE0A313284FC44100231F82 /* ActionView.swift */; };
		6CE0A317284FC47100231F82 /* AchivementView.swift in Sources */ = {isa = PBXBuildFile; fileRef = 6CE0A316284FC47100231F82 /* AchivementView.swift */; };
/* End PBXBuildFile section */

/* Begin PBXContainerItemProxy section */
		6C14495E284F364400E8B933 /* PBXContainerItemProxy */ = {
			isa = PBXContainerItemProxy;
			containerPortal = 6C144945284F364200E8B933 /* Project object */;
			proxyType = 1;
			remoteGlobalIDString = 6C14494C284F364200E8B933;
			remoteInfo = Greenabal;
		};
		6C144968284F364400E8B933 /* PBXContainerItemProxy */ = {
			isa = PBXContainerItemProxy;
			containerPortal = 6C144945284F364200E8B933 /* Project object */;
			proxyType = 1;
			remoteGlobalIDString = 6C14494C284F364200E8B933;
			remoteInfo = Greenabal;
		};
/* End PBXContainerItemProxy section */

/* Begin PBXFileReference section */
		6C14494D284F364200E8B933 /* Greenabal.app */ = {isa = PBXFileReference; explicitFileType = wrapper.application; includeInIndex = 0; path = Greenabal.app; sourceTree = BUILT_PRODUCTS_DIR; };
		6C144950284F364200E8B933 /* GreenabalApp.swift */ = {isa = PBXFileReference; lastKnownFileType = sourcecode.swift; path = GreenabalApp.swift; sourceTree = "<group>"; };
		6C144952284F364200E8B933 /* ContentView.swift */ = {isa = PBXFileReference; lastKnownFileType = sourcecode.swift; path = ContentView.swift; sourceTree = "<group>"; };
		6C144954284F364300E8B933 /* Assets.xcassets */ = {isa = PBXFileReference; lastKnownFileType = folder.assetcatalog; path = Assets.xcassets; sourceTree = "<group>"; };
		6C144957284F364300E8B933 /* Preview Assets.xcassets */ = {isa = PBXFileReference; lastKnownFileType = folder.assetcatalog; path = "Preview Assets.xcassets"; sourceTree = "<group>"; };
		6C14495D284F364400E8B933 /* GreenabalTests.xctest */ = {isa = PBXFileReference; explicitFileType = wrapper.cfbundle; includeInIndex = 0; path = GreenabalTests.xctest; sourceTree = BUILT_PRODUCTS_DIR; };
		6C144961284F364400E8B933 /* GreenabalTests.swift */ = {isa = PBXFileReference; lastKnownFileType = sourcecode.swift; path = GreenabalTests.swift; sourceTree = "<group>"; };
		6C144967284F364400E8B933 /* GreenabalUITests.xctest */ = {isa = PBXFileReference; explicitFileType = wrapper.cfbundle; includeInIndex = 0; path = GreenabalUITests.xctest; sourceTree = BUILT_PRODUCTS_DIR; };
		6C14496B284F364400E8B933 /* GreenabalUITests.swift */ = {isa = PBXFileReference; lastKnownFileType = sourcecode.swift; path = GreenabalUITests.swift; sourceTree = "<group>"; };
		6C14496D284F364400E8B933 /* GreenabalUITestsLaunchTests.swift */ = {isa = PBXFileReference; lastKnownFileType = sourcecode.swift; path = GreenabalUITestsLaunchTests.swift; sourceTree = "<group>"; };
		6C144984284F462500E8B933 /* HomeView.swift */ = {isa = PBXFileReference; lastKnownFileType = sourcecode.swift; path = HomeView.swift; sourceTree = "<group>"; };
		6C144988284F47E700E8B933 /* TabBar.swift */ = {isa = PBXFileReference; lastKnownFileType = sourcecode.swift; path = TabBar.swift; sourceTree = "<group>"; };
		6C14498A284F561300E8B933 /* TaskView.swift */ = {isa = PBXFileReference; lastKnownFileType = sourcecode.swift; path = TaskView.swift; sourceTree = "<group>"; usesTabs = 0; };
		6C14498C284F563900E8B933 /* SettingView.swift */ = {isa = PBXFileReference; lastKnownFileType = sourcecode.swift; path = SettingView.swift; sourceTree = "<group>"; };
		6C3811442854B47A00E2C614 /* Info.plist */ = {isa = PBXFileReference; lastKnownFileType = text.plist; path = Info.plist; sourceTree = "<group>"; };
		6C3811462854B4B500E2C614 /* Roboto-Regular.ttf */ = {isa = PBXFileReference; lastKnownFileType = file; path = "Roboto-Regular.ttf"; sourceTree = "<group>"; };
		6C3811472854B4B500E2C614 /* Roboto-Medium.ttf */ = {isa = PBXFileReference; lastKnownFileType = file; path = "Roboto-Medium.ttf"; sourceTree = "<group>"; };
		6C3811482854B4B500E2C614 /* Roboto-Bold.ttf */ = {isa = PBXFileReference; lastKnownFileType = file; path = "Roboto-Bold.ttf"; sourceTree = "<group>"; };
		6C38114D28550EB700E2C614 /* ETicketView.swift */ = {isa = PBXFileReference; lastKnownFileType = sourcecode.swift; path = ETicketView.swift; sourceTree = "<group>"; };
		6C38115028550F2800E2C614 /* BarcodeView.swift */ = {isa = PBXFileReference; lastKnownFileType = sourcecode.swift; path = BarcodeView.swift; sourceTree = "<group>"; };
		6C6696452851C3E500ED62CA /* TabModel.swift */ = {isa = PBXFileReference; lastKnownFileType = sourcecode.swift; path = TabModel.swift; sourceTree = "<group>"; };
		6C6696482851CAA200ED62CA /* BackgroundViewModel.swift */ = {isa = PBXFileReference; lastKnownFileType = sourcecode.swift; path = BackgroundViewModel.swift; sourceTree = "<group>"; };
		6CA49D7F2851D694009A155F /* Header.swift */ = {isa = PBXFileReference; lastKnownFileType = sourcecode.swift; path = Header.swift; sourceTree = "<group>"; };
		6CA49D8428533D53009A155F /* SubTabBar.swift */ = {isa = PBXFileReference; lastKnownFileType = sourcecode.swift; path = SubTabBar.swift; sourceTree = "<group>"; };
		6CD2E06A28570A89006F42D5 /* LeafRecordModel.swift */ = {isa = PBXFileReference; lastKnownFileType = sourcecode.swift; path = LeafRecordModel.swift; sourceTree = "<group>"; };
		6CD2E06C28570A9A006F42D5 /* LeafViewModel.swift */ = {isa = PBXFileReference; lastKnownFileType = sourcecode.swift; path = LeafViewModel.swift; sourceTree = "<group>"; };
		6CE0A313284FC44100231F82 /* ActionView.swift */ = {isa = PBXFileReference; lastKnownFileType = sourcecode.swift; path = ActionView.swift; sourceTree = "<group>"; };
		6CE0A316284FC47100231F82 /* AchivementView.swift */ = {isa = PBXFileReference; lastKnownFileType = sourcecode.swift; path = AchivementView.swift; sourceTree = "<group>"; };
/* End PBXFileReference section */

/* Begin PBXFrameworksBuildPhase section */
		6C14494A284F364200E8B933 /* Frameworks */ = {
			isa = PBXFrameworksBuildPhase;
			buildActionMask = 2147483647;
			files = (
			);
			runOnlyForDeploymentPostprocessing = 0;
		};
		6C14495A284F364400E8B933 /* Frameworks */ = {
			isa = PBXFrameworksBuildPhase;
			buildActionMask = 2147483647;
			files = (
			);
			runOnlyForDeploymentPostprocessing = 0;
		};
		6C144964284F364400E8B933 /* Frameworks */ = {
			isa = PBXFrameworksBuildPhase;
			buildActionMask = 2147483647;
			files = (
			);
			runOnlyForDeploymentPostprocessing = 0;
		};
/* End PBXFrameworksBuildPhase section */

/* Begin PBXGroup section */
		6C144944284F364200E8B933 = {
			isa = PBXGroup;
			children = (
				6C14494F284F364200E8B933 /* Greenabal */,
				6C144960284F364400E8B933 /* GreenabalTests */,
				6C14496A284F364400E8B933 /* GreenabalUITests */,
				6C14494E284F364200E8B933 /* Products */,
			);
			sourceTree = "<group>";
		};
		6C14494E284F364200E8B933 /* Products */ = {
			isa = PBXGroup;
			children = (
				6C14494D284F364200E8B933 /* Greenabal.app */,
				6C14495D284F364400E8B933 /* GreenabalTests.xctest */,
				6C144967284F364400E8B933 /* GreenabalUITests.xctest */,
			);
			name = Products;
			sourceTree = "<group>";
		};
		6C14494F284F364200E8B933 /* Greenabal */ = {
			isa = PBXGroup;
			children = (
				6C3811452854B49800E2C614 /* Fonts */,
				6C3811442854B47A00E2C614 /* Info.plist */,
				6C6696472851C59400ED62CA /* Models */,
				6C14497A284F399E00E8B933 /* ViewModels */,
				6C144950284F364200E8B933 /* GreenabalApp.swift */,
				6C144986284F463100E8B933 /* Views */,
				6C144954284F364300E8B933 /* Assets.xcassets */,
				6C144956284F364300E8B933 /* Preview Content */,
			);
			path = Greenabal;
			sourceTree = "<group>";
		};
		6C144956284F364300E8B933 /* Preview Content */ = {
			isa = PBXGroup;
			children = (
				6C144957284F364300E8B933 /* Preview Assets.xcassets */,
			);
			path = "Preview Content";
			sourceTree = "<group>";
		};
		6C144960284F364400E8B933 /* GreenabalTests */ = {
			isa = PBXGroup;
			children = (
				6C144961284F364400E8B933 /* GreenabalTests.swift */,
			);
			path = GreenabalTests;
			sourceTree = "<group>";
		};
		6C14496A284F364400E8B933 /* GreenabalUITests */ = {
			isa = PBXGroup;
			children = (
				6C14496B284F364400E8B933 /* GreenabalUITests.swift */,
				6C14496D284F364400E8B933 /* GreenabalUITestsLaunchTests.swift */,
			);
			path = GreenabalUITests;
			sourceTree = "<group>";
		};
		6C14497A284F399E00E8B933 /* ViewModels */ = {
			isa = PBXGroup;
			children = (
				6C6696482851CAA200ED62CA /* BackgroundViewModel.swift */,
				6CD2E06C28570A9A006F42D5 /* LeafViewModel.swift */,
			);
			path = ViewModels;
			sourceTree = "<group>";
		};
		6C144986284F463100E8B933 /* Views */ = {
			isa = PBXGroup;
			children = (
				6CA49D7E2851D602009A155F /* Components */,
				6C144987284F464B00E8B933 /* Main */,
			);
			path = Views;
			sourceTree = "<group>";
		};
		6C144987284F464B00E8B933 /* Main */ = {
			isa = PBXGroup;
			children = (
				6C38114C28550E8500E2C614 /* Action */,
				6C144952284F364200E8B933 /* ContentView.swift */,
				6C144984284F462500E8B933 /* HomeView.swift */,
				6C14498A284F561300E8B933 /* TaskView.swift */,
				6C144988284F47E700E8B933 /* TabBar.swift */,
				6C14498C284F563900E8B933 /* SettingView.swift */,
				6CE0A316284FC47100231F82 /* AchivementView.swift */,
			);
			path = Main;
			sourceTree = "<group>";
		};
		6C3811452854B49800E2C614 /* Fonts */ = {
			isa = PBXGroup;
			children = (
				6C3811482854B4B500E2C614 /* Roboto-Bold.ttf */,
				6C3811472854B4B500E2C614 /* Roboto-Medium.ttf */,
				6C3811462854B4B500E2C614 /* Roboto-Regular.ttf */,
			);
			path = Fonts;
			sourceTree = "<group>";
		};
		6C38114C28550E8500E2C614 /* Action */ = {
			isa = PBXGroup;
			children = (
				6CE0A313284FC44100231F82 /* ActionView.swift */,
				6C38114D28550EB700E2C614 /* ETicketView.swift */,
				6C38115028550F2800E2C614 /* BarcodeView.swift */,
			);
			path = Action;
			sourceTree = "<group>";
		};
		6C6696472851C59400ED62CA /* Models */ = {
			isa = PBXGroup;
			children = (
				6C6696452851C3E500ED62CA /* TabModel.swift */,
				6CD2E06A28570A89006F42D5 /* LeafRecordModel.swift */,
			);
			path = Models;
			sourceTree = "<group>";
		};
		6CA49D7E2851D602009A155F /* Components */ = {
			isa = PBXGroup;
			children = (
				6CA49D7F2851D694009A155F /* Header.swift */,
				6CA49D8428533D53009A155F /* SubTabBar.swift */,
			);
			path = Components;
			sourceTree = "<group>";
		};
/* End PBXGroup section */

/* Begin PBXNativeTarget section */
		6C14494C284F364200E8B933 /* Greenabal */ = {
			isa = PBXNativeTarget;
			buildConfigurationList = 6C144971284F364400E8B933 /* Build configuration list for PBXNativeTarget "Greenabal" */;
			buildPhases = (
				6C144949284F364200E8B933 /* Sources */,
				6C14494A284F364200E8B933 /* Frameworks */,
				6C14494B284F364200E8B933 /* Resources */,
			);
			buildRules = (
			);
			dependencies = (
			);
			name = Greenabal;
			productName = Greenabal;
			productReference = 6C14494D284F364200E8B933 /* Greenabal.app */;
			productType = "com.apple.product-type.application";
		};
		6C14495C284F364400E8B933 /* GreenabalTests */ = {
			isa = PBXNativeTarget;
			buildConfigurationList = 6C144974284F364400E8B933 /* Build configuration list for PBXNativeTarget "GreenabalTests" */;
			buildPhases = (
				6C144959284F364400E8B933 /* Sources */,
				6C14495A284F364400E8B933 /* Frameworks */,
				6C14495B284F364400E8B933 /* Resources */,
			);
			buildRules = (
			);
			dependencies = (
				6C14495F284F364400E8B933 /* PBXTargetDependency */,
			);
			name = GreenabalTests;
			productName = GreenabalTests;
			productReference = 6C14495D284F364400E8B933 /* GreenabalTests.xctest */;
			productType = "com.apple.product-type.bundle.unit-test";
		};
		6C144966284F364400E8B933 /* GreenabalUITests */ = {
			isa = PBXNativeTarget;
			buildConfigurationList = 6C144977284F364400E8B933 /* Build configuration list for PBXNativeTarget "GreenabalUITests" */;
			buildPhases = (
				6C144963284F364400E8B933 /* Sources */,
				6C144964284F364400E8B933 /* Frameworks */,
				6C144965284F364400E8B933 /* Resources */,
			);
			buildRules = (
			);
			dependencies = (
				6C144969284F364400E8B933 /* PBXTargetDependency */,
			);
			name = GreenabalUITests;
			productName = GreenabalUITests;
			productReference = 6C144967284F364400E8B933 /* GreenabalUITests.xctest */;
			productType = "com.apple.product-type.bundle.ui-testing";
		};
/* End PBXNativeTarget section */

/* Begin PBXProject section */
		6C144945284F364200E8B933 /* Project object */ = {
			isa = PBXProject;
			attributes = {
				BuildIndependentTargetsInParallel = 1;
				LastSwiftUpdateCheck = 1330;
				LastUpgradeCheck = 1330;
				TargetAttributes = {
					6C14494C284F364200E8B933 = {
						CreatedOnToolsVersion = 13.3.1;
					};
					6C14495C284F364400E8B933 = {
						CreatedOnToolsVersion = 13.3.1;
						TestTargetID = 6C14494C284F364200E8B933;
					};
					6C144966284F364400E8B933 = {
						CreatedOnToolsVersion = 13.3.1;
						TestTargetID = 6C14494C284F364200E8B933;
					};
				};
			};
			buildConfigurationList = 6C144948284F364200E8B933 /* Build configuration list for PBXProject "Greenabal" */;
			compatibilityVersion = "Xcode 13.0";
			developmentRegion = en;
			hasScannedForEncodings = 0;
			knownRegions = (
				en,
				Base,
			);
			mainGroup = 6C144944284F364200E8B933;
			productRefGroup = 6C14494E284F364200E8B933 /* Products */;
			projectDirPath = "";
			projectRoot = "";
			targets = (
				6C14494C284F364200E8B933 /* Greenabal */,
				6C14495C284F364400E8B933 /* GreenabalTests */,
				6C144966284F364400E8B933 /* GreenabalUITests */,
			);
		};
/* End PBXProject section */

/* Begin PBXResourcesBuildPhase section */
		6C14494B284F364200E8B933 /* Resources */ = {
			isa = PBXResourcesBuildPhase;
			buildActionMask = 2147483647;
			files = (
				6C38114A2854B4B500E2C614 /* Roboto-Medium.ttf in Resources */,
				6C3811492854B4B500E2C614 /* Roboto-Regular.ttf in Resources */,
				6C38114B2854B4B500E2C614 /* Roboto-Bold.ttf in Resources */,
				6C144958284F364300E8B933 /* Preview Assets.xcassets in Resources */,
				6C144955284F364300E8B933 /* Assets.xcassets in Resources */,
			);
			runOnlyForDeploymentPostprocessing = 0;
		};
		6C14495B284F364400E8B933 /* Resources */ = {
			isa = PBXResourcesBuildPhase;
			buildActionMask = 2147483647;
			files = (
			);
			runOnlyForDeploymentPostprocessing = 0;
		};
		6C144965284F364400E8B933 /* Resources */ = {
			isa = PBXResourcesBuildPhase;
			buildActionMask = 2147483647;
			files = (
			);
			runOnlyForDeploymentPostprocessing = 0;
		};
/* End PBXResourcesBuildPhase section */

/* Begin PBXSourcesBuildPhase section */
		6C144949284F364200E8B933 /* Sources */ = {
			isa = PBXSourcesBuildPhase;
			buildActionMask = 2147483647;
			files = (
				6C144953284F364200E8B933 /* ContentView.swift in Sources */,
				6C38115128550F2800E2C614 /* BarcodeView.swift in Sources */,
				6CD2E06D28570A9A006F42D5 /* LeafViewModel.swift in Sources */,
				6C14498B284F561300E8B933 /* TaskView.swift in Sources */,
				6C38114E28550EB700E2C614 /* ETicketView.swift in Sources */,
				6CE0A314284FC44100231F82 /* ActionView.swift in Sources */,
				6C6696462851C3E500ED62CA /* TabModel.swift in Sources */,
				6CD2E06B28570A89006F42D5 /* LeafRecordModel.swift in Sources */,
				6CA49D8528533D53009A155F /* SubTabBar.swift in Sources */,
				6C144951284F364200E8B933 /* GreenabalApp.swift in Sources */,
				6CA49D802851D694009A155F /* Header.swift in Sources */,
				6C144989284F47E700E8B933 /* TabBar.swift in Sources */,
				6C14498D284F563900E8B933 /* SettingView.swift in Sources */,
				6C144985284F462500E8B933 /* HomeView.swift in Sources */,
				6CE0A317284FC47100231F82 /* AchivementView.swift in Sources */,
				6C6696492851CAA200ED62CA /* BackgroundViewModel.swift in Sources */,
			);
			runOnlyForDeploymentPostprocessing = 0;
		};
		6C144959284F364400E8B933 /* Sources */ = {
			isa = PBXSourcesBuildPhase;
			buildActionMask = 2147483647;
			files = (
				6C144962284F364400E8B933 /* GreenabalTests.swift in Sources */,
			);
			runOnlyForDeploymentPostprocessing = 0;
		};
		6C144963284F364400E8B933 /* Sources */ = {
			isa = PBXSourcesBuildPhase;
			buildActionMask = 2147483647;
			files = (
				6C14496E284F364400E8B933 /* GreenabalUITestsLaunchTests.swift in Sources */,
				6C14496C284F364400E8B933 /* GreenabalUITests.swift in Sources */,
			);
			runOnlyForDeploymentPostprocessing = 0;
		};
/* End PBXSourcesBuildPhase section */

/* Begin PBXTargetDependency section */
		6C14495F284F364400E8B933 /* PBXTargetDependency */ = {
			isa = PBXTargetDependency;
			target = 6C14494C284F364200E8B933 /* Greenabal */;
			targetProxy = 6C14495E284F364400E8B933 /* PBXContainerItemProxy */;
		};
		6C144969284F364400E8B933 /* PBXTargetDependency */ = {
			isa = PBXTargetDependency;
			target = 6C14494C284F364200E8B933 /* Greenabal */;
			targetProxy = 6C144968284F364400E8B933 /* PBXContainerItemProxy */;
		};
/* End PBXTargetDependency section */

/* Begin XCBuildConfiguration section */
		6C14496F284F364400E8B933 /* Debug */ = {
			isa = XCBuildConfiguration;
			buildSettings = {
				ALWAYS_SEARCH_USER_PATHS = NO;
				CLANG_ANALYZER_NONNULL = YES;
				CLANG_ANALYZER_NUMBER_OBJECT_CONVERSION = YES_AGGRESSIVE;
				CLANG_CXX_LANGUAGE_STANDARD = "gnu++17";
				CLANG_ENABLE_MODULES = YES;
				CLANG_ENABLE_OBJC_ARC = YES;
				CLANG_ENABLE_OBJC_WEAK = YES;
				CLANG_WARN_BLOCK_CAPTURE_AUTORELEASING = YES;
				CLANG_WARN_BOOL_CONVERSION = YES;
				CLANG_WARN_COMMA = YES;
				CLANG_WARN_CONSTANT_CONVERSION = YES;
				CLANG_WARN_DEPRECATED_OBJC_IMPLEMENTATIONS = YES;
				CLANG_WARN_DIRECT_OBJC_ISA_USAGE = YES_ERROR;
				CLANG_WARN_DOCUMENTATION_COMMENTS = YES;
				CLANG_WARN_EMPTY_BODY = YES;
				CLANG_WARN_ENUM_CONVERSION = YES;
				CLANG_WARN_INFINITE_RECURSION = YES;
				CLANG_WARN_INT_CONVERSION = YES;
				CLANG_WARN_NON_LITERAL_NULL_CONVERSION = YES;
				CLANG_WARN_OBJC_IMPLICIT_RETAIN_SELF = YES;
				CLANG_WARN_OBJC_LITERAL_CONVERSION = YES;
				CLANG_WARN_OBJC_ROOT_CLASS = YES_ERROR;
				CLANG_WARN_QUOTED_INCLUDE_IN_FRAMEWORK_HEADER = YES;
				CLANG_WARN_RANGE_LOOP_ANALYSIS = YES;
				CLANG_WARN_STRICT_PROTOTYPES = YES;
				CLANG_WARN_SUSPICIOUS_MOVE = YES;
				CLANG_WARN_UNGUARDED_AVAILABILITY = YES_AGGRESSIVE;
				CLANG_WARN_UNREACHABLE_CODE = YES;
				CLANG_WARN__DUPLICATE_METHOD_MATCH = YES;
				COPY_PHASE_STRIP = NO;
				DEBUG_INFORMATION_FORMAT = dwarf;
				ENABLE_STRICT_OBJC_MSGSEND = YES;
				ENABLE_TESTABILITY = YES;
				GCC_C_LANGUAGE_STANDARD = gnu11;
				GCC_DYNAMIC_NO_PIC = NO;
				GCC_NO_COMMON_BLOCKS = YES;
				GCC_OPTIMIZATION_LEVEL = 0;
				GCC_PREPROCESSOR_DEFINITIONS = (
					"DEBUG=1",
					"$(inherited)",
				);
				GCC_WARN_64_TO_32_BIT_CONVERSION = YES;
				GCC_WARN_ABOUT_RETURN_TYPE = YES_ERROR;
				GCC_WARN_UNDECLARED_SELECTOR = YES;
				GCC_WARN_UNINITIALIZED_AUTOS = YES_AGGRESSIVE;
				GCC_WARN_UNUSED_FUNCTION = YES;
				GCC_WARN_UNUSED_VARIABLE = YES;
				IPHONEOS_DEPLOYMENT_TARGET = 15.0;
				MTL_ENABLE_DEBUG_INFO = INCLUDE_SOURCE;
				MTL_FAST_MATH = YES;
				ONLY_ACTIVE_ARCH = YES;
				SDKROOT = iphoneos;
				SWIFT_ACTIVE_COMPILATION_CONDITIONS = DEBUG;
				SWIFT_OPTIMIZATION_LEVEL = "-Onone";
			};
			name = Debug;
		};
		6C144970284F364400E8B933 /* Release */ = {
			isa = XCBuildConfiguration;
			buildSettings = {
				ALWAYS_SEARCH_USER_PATHS = NO;
				CLANG_ANALYZER_NONNULL = YES;
				CLANG_ANALYZER_NUMBER_OBJECT_CONVERSION = YES_AGGRESSIVE;
				CLANG_CXX_LANGUAGE_STANDARD = "gnu++17";
				CLANG_ENABLE_MODULES = YES;
				CLANG_ENABLE_OBJC_ARC = YES;
				CLANG_ENABLE_OBJC_WEAK = YES;
				CLANG_WARN_BLOCK_CAPTURE_AUTORELEASING = YES;
				CLANG_WARN_BOOL_CONVERSION = YES;
				CLANG_WARN_COMMA = YES;
				CLANG_WARN_CONSTANT_CONVERSION = YES;
				CLANG_WARN_DEPRECATED_OBJC_IMPLEMENTATIONS = YES;
				CLANG_WARN_DIRECT_OBJC_ISA_USAGE = YES_ERROR;
				CLANG_WARN_DOCUMENTATION_COMMENTS = YES;
				CLANG_WARN_EMPTY_BODY = YES;
				CLANG_WARN_ENUM_CONVERSION = YES;
				CLANG_WARN_INFINITE_RECURSION = YES;
				CLANG_WARN_INT_CONVERSION = YES;
				CLANG_WARN_NON_LITERAL_NULL_CONVERSION = YES;
				CLANG_WARN_OBJC_IMPLICIT_RETAIN_SELF = YES;
				CLANG_WARN_OBJC_LITERAL_CONVERSION = YES;
				CLANG_WARN_OBJC_ROOT_CLASS = YES_ERROR;
				CLANG_WARN_QUOTED_INCLUDE_IN_FRAMEWORK_HEADER = YES;
				CLANG_WARN_RANGE_LOOP_ANALYSIS = YES;
				CLANG_WARN_STRICT_PROTOTYPES = YES;
				CLANG_WARN_SUSPICIOUS_MOVE = YES;
				CLANG_WARN_UNGUARDED_AVAILABILITY = YES_AGGRESSIVE;
				CLANG_WARN_UNREACHABLE_CODE = YES;
				CLANG_WARN__DUPLICATE_METHOD_MATCH = YES;
				COPY_PHASE_STRIP = NO;
				DEBUG_INFORMATION_FORMAT = "dwarf-with-dsym";
				ENABLE_NS_ASSERTIONS = NO;
				ENABLE_STRICT_OBJC_MSGSEND = YES;
				GCC_C_LANGUAGE_STANDARD = gnu11;
				GCC_NO_COMMON_BLOCKS = YES;
				GCC_WARN_64_TO_32_BIT_CONVERSION = YES;
				GCC_WARN_ABOUT_RETURN_TYPE = YES_ERROR;
				GCC_WARN_UNDECLARED_SELECTOR = YES;
				GCC_WARN_UNINITIALIZED_AUTOS = YES_AGGRESSIVE;
				GCC_WARN_UNUSED_FUNCTION = YES;
				GCC_WARN_UNUSED_VARIABLE = YES;
				IPHONEOS_DEPLOYMENT_TARGET = 15.0;
				MTL_ENABLE_DEBUG_INFO = NO;
				MTL_FAST_MATH = YES;
				SDKROOT = iphoneos;
				SWIFT_COMPILATION_MODE = wholemodule;
				SWIFT_OPTIMIZATION_LEVEL = "-O";
				VALIDATE_PRODUCT = YES;
			};
			name = Release;
		};
		6C144972284F364400E8B933 /* Debug */ = {
			isa = XCBuildConfiguration;
			buildSettings = {
				ASSETCATALOG_COMPILER_APPICON_NAME = AppIcon;
				ASSETCATALOG_COMPILER_GLOBAL_ACCENT_COLOR_NAME = AccentColor;
				CODE_SIGN_STYLE = Manual;
				CURRENT_PROJECT_VERSION = 1;
				DEVELOPMENT_ASSET_PATHS = "\"Greenabal/Preview Content\"";
				DEVELOPMENT_TEAM = "";
				ENABLE_PREVIEWS = YES;
				GENERATE_INFOPLIST_FILE = YES;
				INFOPLIST_FILE = Greenabal/Info.plist;
				INFOPLIST_KEY_UIApplicationSceneManifest_Generation = YES;
				INFOPLIST_KEY_UIApplicationSupportsIndirectInputEvents = YES;
				INFOPLIST_KEY_UILaunchScreen_Generation = YES;
				INFOPLIST_KEY_UISupportedInterfaceOrientations_iPad = "UIInterfaceOrientationPortrait UIInterfaceOrientationPortraitUpsideDown UIInterfaceOrientationLandscapeLeft UIInterfaceOrientationLandscapeRight";
				INFOPLIST_KEY_UISupportedInterfaceOrientations_iPhone = "UIInterfaceOrientationPortrait UIInterfaceOrientationLandscapeLeft UIInterfaceOrientationLandscapeRight";
				LD_RUNPATH_SEARCH_PATHS = (
					"$(inherited)",
					"@executable_path/Frameworks",
				);
				MARKETING_VERSION = 1.0;
				PRODUCT_BUNDLE_IDENTIFIER = com.pikachu.greenabal.Greenabal;
				PRODUCT_NAME = "$(TARGET_NAME)";
				PROVISIONING_PROFILE_SPECIFIER = "";
				SWIFT_EMIT_LOC_STRINGS = YES;
				SWIFT_VERSION = 5.0;
				TARGETED_DEVICE_FAMILY = "1,2";
			};
			name = Debug;
		};
		6C144973284F364400E8B933 /* Release */ = {
			isa = XCBuildConfiguration;
			buildSettings = {
				ASSETCATALOG_COMPILER_APPICON_NAME = AppIcon;
				ASSETCATALOG_COMPILER_GLOBAL_ACCENT_COLOR_NAME = AccentColor;
				CODE_SIGN_STYLE = Manual;
				CURRENT_PROJECT_VERSION = 1;
				DEVELOPMENT_ASSET_PATHS = "\"Greenabal/Preview Content\"";
				DEVELOPMENT_TEAM = "";
				ENABLE_PREVIEWS = YES;
				GENERATE_INFOPLIST_FILE = YES;
				INFOPLIST_FILE = Greenabal/Info.plist;
				INFOPLIST_KEY_UIApplicationSceneManifest_Generation = YES;
				INFOPLIST_KEY_UIApplicationSupportsIndirectInputEvents = YES;
				INFOPLIST_KEY_UILaunchScreen_Generation = YES;
				INFOPLIST_KEY_UISupportedInterfaceOrientations_iPad = "UIInterfaceOrientationPortrait UIInterfaceOrientationPortraitUpsideDown UIInterfaceOrientationLandscapeLeft UIInterfaceOrientationLandscapeRight";
				INFOPLIST_KEY_UISupportedInterfaceOrientations_iPhone = "UIInterfaceOrientationPortrait UIInterfaceOrientationLandscapeLeft UIInterfaceOrientationLandscapeRight";
				LD_RUNPATH_SEARCH_PATHS = (
					"$(inherited)",
					"@executable_path/Frameworks",
				);
				MARKETING_VERSION = 1.0;
				PRODUCT_BUNDLE_IDENTIFIER = com.pikachu.greenabal.Greenabal;
				PRODUCT_NAME = "$(TARGET_NAME)";
				PROVISIONING_PROFILE_SPECIFIER = "";
				SWIFT_EMIT_LOC_STRINGS = YES;
				SWIFT_VERSION = 5.0;
				TARGETED_DEVICE_FAMILY = "1,2";
			};
			name = Release;
		};
		6C144975284F364400E8B933 /* Debug */ = {
			isa = XCBuildConfiguration;
			buildSettings = {
				ALWAYS_EMBED_SWIFT_STANDARD_LIBRARIES = YES;
				BUNDLE_LOADER = "$(TEST_HOST)";
				CODE_SIGN_STYLE = Automatic;
				CURRENT_PROJECT_VERSION = 1;
				DEVELOPMENT_TEAM = 6AJA426WA8;
				GENERATE_INFOPLIST_FILE = YES;
				IPHONEOS_DEPLOYMENT_TARGET = 15.4;
				MARKETING_VERSION = 1.0;
				PRODUCT_BUNDLE_IDENTIFIER = com.pikachu.greenabal.GreenabalTests;
				PRODUCT_NAME = "$(TARGET_NAME)";
				SWIFT_EMIT_LOC_STRINGS = NO;
				SWIFT_VERSION = 5.0;
				TARGETED_DEVICE_FAMILY = "1,2";
				TEST_HOST = "$(BUILT_PRODUCTS_DIR)/Greenabal.app/Greenabal";
			};
			name = Debug;
		};
		6C144976284F364400E8B933 /* Release */ = {
			isa = XCBuildConfiguration;
			buildSettings = {
				ALWAYS_EMBED_SWIFT_STANDARD_LIBRARIES = YES;
				BUNDLE_LOADER = "$(TEST_HOST)";
				CODE_SIGN_STYLE = Automatic;
				CURRENT_PROJECT_VERSION = 1;
				DEVELOPMENT_TEAM = 6AJA426WA8;
				GENERATE_INFOPLIST_FILE = YES;
				IPHONEOS_DEPLOYMENT_TARGET = 15.4;
				MARKETING_VERSION = 1.0;
				PRODUCT_BUNDLE_IDENTIFIER = com.pikachu.greenabal.GreenabalTests;
				PRODUCT_NAME = "$(TARGET_NAME)";
				SWIFT_EMIT_LOC_STRINGS = NO;
				SWIFT_VERSION = 5.0;
				TARGETED_DEVICE_FAMILY = "1,2";
				TEST_HOST = "$(BUILT_PRODUCTS_DIR)/Greenabal.app/Greenabal";
			};
			name = Release;
		};
		6C144978284F364400E8B933 /* Debug */ = {
			isa = XCBuildConfiguration;
			buildSettings = {
				ALWAYS_EMBED_SWIFT_STANDARD_LIBRARIES = YES;
				CODE_SIGN_STYLE = Automatic;
				CURRENT_PROJECT_VERSION = 1;
				DEVELOPMENT_TEAM = 6AJA426WA8;
				GENERATE_INFOPLIST_FILE = YES;
				MARKETING_VERSION = 1.0;
				PRODUCT_BUNDLE_IDENTIFIER = com.pikachu.greenabal.GreenabalUITests;
				PRODUCT_NAME = "$(TARGET_NAME)";
				SWIFT_EMIT_LOC_STRINGS = NO;
				SWIFT_VERSION = 5.0;
				TARGETED_DEVICE_FAMILY = "1,2";
				TEST_TARGET_NAME = Greenabal;
			};
			name = Debug;
		};
		6C144979284F364400E8B933 /* Release */ = {
			isa = XCBuildConfiguration;
			buildSettings = {
				ALWAYS_EMBED_SWIFT_STANDARD_LIBRARIES = YES;
				CODE_SIGN_STYLE = Automatic;
				CURRENT_PROJECT_VERSION = 1;
				DEVELOPMENT_TEAM = 6AJA426WA8;
				GENERATE_INFOPLIST_FILE = YES;
				MARKETING_VERSION = 1.0;
				PRODUCT_BUNDLE_IDENTIFIER = com.pikachu.greenabal.GreenabalUITests;
				PRODUCT_NAME = "$(TARGET_NAME)";
				SWIFT_EMIT_LOC_STRINGS = NO;
				SWIFT_VERSION = 5.0;
				TARGETED_DEVICE_FAMILY = "1,2";
				TEST_TARGET_NAME = Greenabal;
			};
			name = Release;
		};
/* End XCBuildConfiguration section */

/* Begin XCConfigurationList section */
		6C144948284F364200E8B933 /* Build configuration list for PBXProject "Greenabal" */ = {
			isa = XCConfigurationList;
			buildConfigurations = (
				6C14496F284F364400E8B933 /* Debug */,
				6C144970284F364400E8B933 /* Release */,
			);
			defaultConfigurationIsVisible = 0;
			defaultConfigurationName = Release;
		};
		6C144971284F364400E8B933 /* Build configuration list for PBXNativeTarget "Greenabal" */ = {
			isa = XCConfigurationList;
			buildConfigurations = (
				6C144972284F364400E8B933 /* Debug */,
				6C144973284F364400E8B933 /* Release */,
			);
			defaultConfigurationIsVisible = 0;
			defaultConfigurationName = Release;
		};
		6C144974284F364400E8B933 /* Build configuration list for PBXNativeTarget "GreenabalTests" */ = {
			isa = XCConfigurationList;
			buildConfigurations = (
				6C144975284F364400E8B933 /* Debug */,
				6C144976284F364400E8B933 /* Release */,
			);
			defaultConfigurationIsVisible = 0;
			defaultConfigurationName = Release;
		};
		6C144977284F364400E8B933 /* Build configuration list for PBXNativeTarget "GreenabalUITests" */ = {
			isa = XCConfigurationList;
			buildConfigurations = (
				6C144978284F364400E8B933 /* Debug */,
				6C144979284F364400E8B933 /* Release */,
			);
			defaultConfigurationIsVisible = 0;
			defaultConfigurationName = Release;
		};
/* End XCConfigurationList section */
	};
	rootObject = 6C144945284F364200E8B933 /* Project object */;
}
